{
  "name": "iyo-webtoon-reader",
  "version": "1.2.0",
  "lockfileVersion": 2,
  "requires": true,
  "packages": {
    "": {
      "name": "iyo-webtoon-reader",
      "version": "1.2.0",
      "license": "MPL-2.0",
      "dependencies": {
        "@ssnangua/node-stream-zip": "^1.15.1"
      }
    },
    "node_modules/@ssnangua/node-stream-zip": {
      "version": "1.15.1",
      "resolved": "https://registry.npmmirror.com/@ssnangua/node-stream-zip/-/node-stream-zip-1.15.1.tgz",
      "integrity": "sha512-FPPlL04w+9ffTj9P8kaP9iQqIYLfivandRaJGNNks3wYqvXnLNpkippGd9468MhEP1Uyn2eyU3eVzrqO9KzxJw==",
      "engines": {
        "node": ">=0.12.0"
      }
    }
  },
  "dependencies": {
    "@ssnangua/node-stream-zip": {
      "version": "1.15.1",
      "resolved": "https://registry.npmmirror.com/@ssnangua/node-stream-zip/-/node-stream-zip-1.15.1.tgz",
      "integrity": "sha512-FPPlL04w+9ffTj9P8kaP9iQqIYLfivandRaJGNNks3wYqvXnLNpkippGd9468MhEP1Uyn2eyU3eVzrqO9KzxJw=="
    }
  }
}
